
Microsoft Visual Studio Solution File, Format Version 12.00
# Visual Studio Version 16
VisualStudioVersion = 16.0.29613.14
MinimumVisualStudioVersion = 10.0.40219.1
Project("{FAE04EC0-301F-11D3-BF4B-00C04F79EFBC}") = "FileShareRepositoryMover", "FileShareRepositoryMover\FileShareRepositoryMover.csproj", "{D31915FD-0053-4C3C-8C50-37EA68AEF209}"
EndProject
Global
	GlobalSection(SolutionConfigurationPlatforms) = preSolution
		Debug|Any CPU = Debug|Any CPU
		Release|Any CPU = Release|Any CPU
	EndGlobalSection
	GlobalSection(ProjectConfigurationPlatforms) = postSolution
		{D31915FD-0053-4C3C-8C50-37EA68AEF209}.Debug|Any CPU.ActiveCfg = Debug|Any CPU
		{D31915FD-0053-4C3C-8C50-37EA68AEF209}.Debug|Any CPU.Build.0 = Debug|Any CPU
		{D31915FD-0053-4C3C-8C50-37EA68AEF209}.Release|Any CPU.ActiveCfg = Release|Any CPU
		{D31915FD-0053-4C3C-8C50-37EA68AEF209}.Release|Any CPU.Build.0 = Release|Any CPU
	EndGlobalSection
	GlobalSection(SolutionProperties) = preSolution
		HideSolutionNode = FALSE
	EndGlobalSection
	GlobalSection(ExtensibilityGlobals) = postSolution
		SolutionGuid = {3CF05E19-B0DF-43ED-BD55-308B23B16318}
	EndGlobalSection
EndGlobal
